// !$*UTF8*$!
{
	archiveVersion = 1;
	classes = {
	};
	objectVersion = 46;
	objects = {

/* Begin PBXBuildFile section */
		4406DA5E1DC6D45900A87297 /* Catergory.swift in Sources */ = {isa = PBXBuildFile; fileRef = 4406DA5D1DC6D45900A87297 /* Catergory.swift */; };
		4406DA601DC6E10C00A87297 /* CatergoryStore.swift in Sources */ = {isa = PBXBuildFile; fileRef = 4406DA5F1DC6E10C00A87297 /* CatergoryStore.swift */; };
		4406DA621DC6EA8700A87297 /* CatergoryTableViewCell.swift in Sources */ = {isa = PBXBuildFile; fileRef = 4406DA611DC6EA8700A87297 /* CatergoryTableViewCell.swift */; };
		444810C01DC63C5E00E72E37 /* ToDoCatergoryTableViewController.swift in Sources */ = {isa = PBXBuildFile; fileRef = 444810BF1DC63C5E00E72E37 /* ToDoCatergoryTableViewController.swift */; };
		44A8692B1DBE7444001F521F /* AppDelegate.swift in Sources */ = {isa = PBXBuildFile; fileRef = 44A8692A1DBE7444001F521F /* AppDelegate.swift */; };
		44A869301DBE7444001F521F /* Main.storyboard in Resources */ = {isa = PBXBuildFile; fileRef = 44A8692E1DBE7444001F521F /* Main.storyboard */; };
		44A869321DBE7444001F521F /* Assets.xcassets in Resources */ = {isa = PBXBuildFile; fileRef = 44A869311DBE7444001F521F /* Assets.xcassets */; };
		44A869351DBE7444001F521F /* LaunchScreen.storyboard in Resources */ = {isa = PBXBuildFile; fileRef = 44A869331DBE7444001F521F /* LaunchScreen.storyboard */; };
		44BCEEF31DC6C4D2009404C1 /* ToDoCatergoryDetailViewController.swift in Sources */ = {isa = PBXBuildFile; fileRef = 44BCEEF21DC6C4D2009404C1 /* ToDoCatergoryDetailViewController.swift */; };
		44C692511DBEC108005FDE2F /* ToDoTableViewCell.swift in Sources */ = {isa = PBXBuildFile; fileRef = 44C692501DBEC108005FDE2F /* ToDoTableViewCell.swift */; };
		44C692531DBEC9A1005FDE2F /* ToDo.swift in Sources */ = {isa = PBXBuildFile; fileRef = 44C692521DBEC9A1005FDE2F /* ToDo.swift */; };
		44C692571DBEE59E005FDE2F /* ToDoStore.swift in Sources */ = {isa = PBXBuildFile; fileRef = 44C692561DBEE59E005FDE2F /* ToDoStore.swift */; };
		44C894091DC13A320089D9E0 /* ToDoTableViewController.swift in Sources */ = {isa = PBXBuildFile; fileRef = 44C894081DC13A320089D9E0 /* ToDoTableViewController.swift */; };
		44C8940B1DC13E770089D9E0 /* ToDoDetailViewController.swift in Sources */ = {isa = PBXBuildFile; fileRef = 44C8940A1DC13E770089D9E0 /* ToDoDetailViewController.swift */; };
		44E63F941DBF15F400FC758B /* ImageViewController.swift in Sources */ = {isa = PBXBuildFile; fileRef = 44E63F931DBF15F400FC758B /* ImageViewController.swift */; };
/* End PBXBuildFile section */

/* Begin PBXFileReference section */
		4406DA5D1DC6D45900A87297 /* Catergory.swift */ = {isa = PBXFileReference; fileEncoding = 4; lastKnownFileType = sourcecode.swift; path = Catergory.swift; sourceTree = "<group>"; };
		4406DA5F1DC6E10C00A87297 /* CatergoryStore.swift */ = {isa = PBXFileReference; fileEncoding = 4; lastKnownFileType = sourcecode.swift; path = CatergoryStore.swift; sourceTree = "<group>"; };
		4406DA611DC6EA8700A87297 /* CatergoryTableViewCell.swift */ = {isa = PBXFileReference; fileEncoding = 4; lastKnownFileType = sourcecode.swift; path = CatergoryTableViewCell.swift; sourceTree = "<group>"; };
		444810BF1DC63C5E00E72E37 /* ToDoCatergoryTableViewController.swift */ = {isa = PBXFileReference; fileEncoding = 4; lastKnownFileType = sourcecode.swift; path = ToDoCatergoryTableViewController.swift; sourceTree = "<group>"; };
		44A869271DBE7444001F521F /* ToDoList.app */ = {isa = PBXFileReference; explicitFileType = wrapper.application; includeInIndex = 0; path = ToDoList.app; sourceTree = BUILT_PRODUCTS_DIR; };
		44A8692A1DBE7444001F521F /* AppDelegate.swift */ = {isa = PBXFileReference; lastKnownFileType = sourcecode.swift; path = AppDelegate.swift; sourceTree = "<group>"; };
		44A8692F1DBE7444001F521F /* Base */ = {isa = PBXFileReference; lastKnownFileType = file.storyboard; name = Base; path = Base.lproj/Main.storyboard; sourceTree = "<group>"; };
		44A869311DBE7444001F521F /* Assets.xcassets */ = {isa = PBXFileReference; lastKnownFileType = folder.assetcatalog; path = Assets.xcassets; sourceTree = "<group>"; };
		44A869341DBE7444001F521F /* Base */ = {isa = PBXFileReference; lastKnownFileType = file.storyboard; name = Base; path = Base.lproj/LaunchScreen.storyboard; sourceTree = "<group>"; };
		44A869361DBE7444001F521F /* Info.plist */ = {isa = PBXFileReference; lastKnownFileType = text.plist.xml; path = Info.plist; sourceTree = "<group>"; };
		44BCEEF21DC6C4D2009404C1 /* ToDoCatergoryDetailViewController.swift */ = {isa = PBXFileReference; fileEncoding = 4; lastKnownFileType = sourcecode.swift; path = ToDoCatergoryDetailViewController.swift; sourceTree = "<group>"; };
		44C692501DBEC108005FDE2F /* ToDoTableViewCell.swift */ = {isa = PBXFileReference; fileEncoding = 4; lastKnownFileType = sourcecode.swift; path = ToDoTableViewCell.swift; sourceTree = "<group>"; };
		44C692521DBEC9A1005FDE2F /* ToDo.swift */ = {isa = PBXFileReference; fileEncoding = 4; lastKnownFileType = sourcecode.swift; path = ToDo.swift; sourceTree = "<group>"; };
		44C692561DBEE59E005FDE2F /* ToDoStore.swift */ = {isa = PBXFileReference; fileEncoding = 4; lastKnownFileType = sourcecode.swift; path = ToDoStore.swift; sourceTree = "<group>"; };
		44C894081DC13A320089D9E0 /* ToDoTableViewController.swift */ = {isa = PBXFileReference; fileEncoding = 4; lastKnownFileType = sourcecode.swift; path = ToDoTableViewController.swift; sourceTree = "<group>"; };
		44C8940A1DC13E770089D9E0 /* ToDoDetailViewController.swift */ = {isa = PBXFileReference; fileEncoding = 4; lastKnownFileType = sourcecode.swift; path = ToDoDetailViewController.swift; sourceTree = "<group>"; };
		44E63F931DBF15F400FC758B /* ImageViewController.swift */ = {isa = PBXFileReference; fileEncoding = 4; lastKnownFileType = sourcecode.swift; path = ImageViewController.swift; sourceTree = "<group>"; };
/* End PBXFileReference section */

/* Begin PBXFrameworksBuildPhase section */
		44A869241DBE7443001F521F /* Frameworks */ = {
			isa = PBXFrameworksBuildPhase;
			buildActionMask = 2147483647;
			files = (
			);
			runOnlyForDeploymentPostprocessing = 0;
		};
/* End PBXFrameworksBuildPhase section */

/* Begin PBXGroup section */
		44A8691E1DBE7443001F521F = {
			isa = PBXGroup;
			children = (
				44A869291DBE7444001F521F /* ToDoList */,
				44A869281DBE7444001F521F /* Products */,
			);
			sourceTree = "<group>";
		};
		44A869281DBE7444001F521F /* Products */ = {
			isa = PBXGroup;
			children = (
				44A869271DBE7444001F521F /* ToDoList.app */,
			);
			name = Products;
			sourceTree = "<group>";
		};
		44A869291DBE7444001F521F /* ToDoList */ = {
			isa = PBXGroup;
			children = (
				44A8692A1DBE7444001F521F /* AppDelegate.swift */,
				44A8692E1DBE7444001F521F /* Main.storyboard */,
				44A869311DBE7444001F521F /* Assets.xcassets */,
				44A869331DBE7444001F521F /* LaunchScreen.storyboard */,
				44A869361DBE7444001F521F /* Info.plist */,
				44C692501DBEC108005FDE2F /* ToDoTableViewCell.swift */,
				44C692521DBEC9A1005FDE2F /* ToDo.swift */,
				44C692561DBEE59E005FDE2F /* ToDoStore.swift */,
				44E63F931DBF15F400FC758B /* ImageViewController.swift */,
				44C894081DC13A320089D9E0 /* ToDoTableViewController.swift */,
				44C8940A1DC13E770089D9E0 /* ToDoDetailViewController.swift */,
				444810BF1DC63C5E00E72E37 /* ToDoCatergoryTableViewController.swift */,
				44BCEEF21DC6C4D2009404C1 /* ToDoCatergoryDetailViewController.swift */,
				4406DA5D1DC6D45900A87297 /* Catergory.swift */,
				4406DA5F1DC6E10C00A87297 /* CatergoryStore.swift */,
				4406DA611DC6EA8700A87297 /* CatergoryTableViewCell.swift */,
			);
			path = ToDoList;
			sourceTree = "<group>";
		};
/* End PBXGroup section */

/* Begin PBXNativeTarget section */
		44A869261DBE7443001F521F /* ToDoList */ = {
			isa = PBXNativeTarget;
			buildConfigurationList = 44A869391DBE7444001F521F /* Build configuration list for PBXNativeTarget "ToDoList" */;
			buildPhases = (
				44A869231DBE7443001F521F /* Sources */,
				44A869241DBE7443001F521F /* Frameworks */,
				44A869251DBE7443001F521F /* Resources */,
			);
			buildRules = (
			);
			dependencies = (
			);
			name = ToDoList;
			productName = ToDoList;
			productReference = 44A869271DBE7444001F521F /* ToDoList.app */;
			productType = "com.apple.product-type.application";
		};
/* End PBXNativeTarget section */

/* Begin PBXProject section */
		44A8691F1DBE7443001F521F /* Project object */ = {
			isa = PBXProject;
			attributes = {
				LastSwiftUpdateCheck = 0800;
				LastUpgradeCheck = 0800;
				ORGANIZATIONNAME = "Chad Trador";
				TargetAttributes = {
					44A869261DBE7443001F521F = {
						CreatedOnToolsVersion = 8.0;
						ProvisioningStyle = Automatic;
					};
				};
			};
			buildConfigurationList = 44A869221DBE7443001F521F /* Build configuration list for PBXProject "ToDoList" */;
			compatibilityVersion = "Xcode 3.2";
			developmentRegion = English;
			hasScannedForEncodings = 0;
			knownRegions = (
				en,
				Base,
			);
			mainGroup = 44A8691E1DBE7443001F521F;
			productRefGroup = 44A869281DBE7444001F521F /* Products */;
			projectDirPath = "";
			projectRoot = "";
			targets = (
				44A869261DBE7443001F521F /* ToDoList */,
			);
		};
/* End PBXProject section */

/* Begin PBXResourcesBuildPhase section */
		44A869251DBE7443001F521F /* Resources */ = {
			isa = PBXResourcesBuildPhase;
			buildActionMask = 2147483647;
			files = (
				44A869351DBE7444001F521F /* LaunchScreen.storyboard in Resources */,
				44A869321DBE7444001F521F /* Assets.xcassets in Resources */,
				44A869301DBE7444001F521F /* Main.storyboard in Resources */,
			);
			runOnlyForDeploymentPostprocessing = 0;
		};
/* End PBXResourcesBuildPhase section */

/* Begin PBXSourcesBuildPhase section */
		44A869231DBE7443001F521F /* Sources */ = {
			isa = PBXSourcesBuildPhase;
			buildActionMask = 2147483647;
			files = (
				4406DA5E1DC6D45900A87297 /* Catergory.swift in Sources */,
				44A8692B1DBE7444001F521F /* AppDelegate.swift in Sources */,
				44BCEEF31DC6C4D2009404C1 /* ToDoCatergoryDetailViewController.swift in Sources */,
				44C692571DBEE59E005FDE2F /* ToDoStore.swift in Sources */,
				44C692531DBEC9A1005FDE2F /* ToDo.swift in Sources */,
				44E63F941DBF15F400FC758B /* ImageViewController.swift in Sources */,
				4406DA601DC6E10C00A87297 /* CatergoryStore.swift in Sources */,
				44C8940B1DC13E770089D9E0 /* ToDoDetailViewController.swift in Sources */,
				44C894091DC13A320089D9E0 /* ToDoTableViewController.swift in Sources */,
				444810C01DC63C5E00E72E37 /* ToDoCatergoryTableViewController.swift in Sources */,
				4406DA621DC6EA8700A87297 /* CatergoryTableViewCell.swift in Sources */,
				44C692511DBEC108005FDE2F /* ToDoTableViewCell.swift in Sources */,
			);
			runOnlyForDeploymentPostprocessing = 0;
		};
/* End PBXSourcesBuildPhase section */

/* Begin PBXVariantGroup section */
		44A8692E1DBE7444001F521F /* Main.storyboard */ = {
			isa = PBXVariantGroup;
			children = (
				44A8692F1DBE7444001F521F /* Base */,
			);
			name = Main.storyboard;
			sourceTree = "<group>";
		};
		44A869331DBE7444001F521F /* LaunchScreen.storyboard */ = {
			isa = PBXVariantGroup;
			children = (
				44A869341DBE7444001F521F /* Base */,
			);
			name = LaunchScreen.storyboard;
			sourceTree = "<group>";
		};
/* End PBXVariantGroup section */

/* Begin XCBuildConfiguration section */
		44A869371DBE7444001F521F /* Debug */ = {
			isa = XCBuildConfiguration;
			buildSettings = {
				ALWAYS_SEARCH_USER_PATHS = NO;
				CLANG_ANALYZER_NONNULL = YES;
				CLANG_CXX_LANGUAGE_STANDARD = "gnu++0x";
				CLANG_CXX_LIBRARY = "libc++";
				CLANG_ENABLE_MODULES = YES;
				CLANG_ENABLE_OBJC_ARC = YES;
				CLANG_WARN_BOOL_CONVERSION = YES;
				CLANG_WARN_CONSTANT_CONVERSION = YES;
				CLANG_WARN_DIRECT_OBJC_ISA_USAGE = YES_ERROR;
				CLANG_WARN_DOCUMENTATION_COMMENTS = YES;
				CLANG_WARN_EMPTY_BODY = YES;
				CLANG_WARN_ENUM_CONVERSION = YES;
				CLANG_WARN_INFINITE_RECURSION = YES;
				CLANG_WARN_INT_CONVERSION = YES;
				CLANG_WARN_OBJC_ROOT_CLASS = YES_ERROR;
				CLANG_WARN_SUSPICIOUS_MOVES = YES;
				CLANG_WARN_UNREACHABLE_CODE = YES;
				CLANG_WARN__DUPLICATE_METHOD_MATCH = YES;
				"CODE_SIGN_IDENTITY[sdk=iphoneos*]" = "iPhone Developer";
				COPY_PHASE_STRIP = NO;
				DEBUG_INFORMATION_FORMAT = dwarf;
				ENABLE_STRICT_OBJC_MSGSEND = YES;
				ENABLE_TESTABILITY = YES;
				GCC_C_LANGUAGE_STANDARD = gnu99;
				GCC_DYNAMIC_NO_PIC = NO;
				GCC_NO_COMMON_BLOCKS = YES;
				GCC_OPTIMIZATION_LEVEL = 0;
				GCC_PREPROCESSOR_DEFINITIONS = (
					"DEBUG=1",
					"$(inherited)",
				);
				GCC_WARN_64_TO_32_BIT_CONVERSION = YES;
				GCC_WARN_ABOUT_RETURN_TYPE = YES_ERROR;
				GCC_WARN_UNDECLARED_SELECTOR = YES;
				GCC_WARN_UNINITIALIZED_AUTOS = YES_AGGRESSIVE;
				GCC_WARN_UNUSED_FUNCTION = YES;
				GCC_WARN_UNUSED_VARIABLE = YES;
				IPHONEOS_DEPLOYMENT_TARGET = 10.0;
				MTL_ENABLE_DEBUG_INFO = YES;
				ONLY_ACTIVE_ARCH = YES;
				SDKROOT = iphoneos;
				SWIFT_ACTIVE_COMPILATION_CONDITIONS = DEBUG;
				SWIFT_OPTIMIZATION_LEVEL = "-Onone";
			};
			name = Debug;
		};
		44A869381DBE7444001F521F /* Release */ = {
			isa = XCBuildConfiguration;
			buildSettings = {
				ALWAYS_SEARCH_USER_PATHS = NO;
				CLANG_ANALYZER_NONNULL = YES;
				CLANG_CXX_LANGUAGE_STANDARD = "gnu++0x";
				CLANG_CXX_LIBRARY = "libc++";
				CLANG_ENABLE_MODULES = YES;
				CLANG_ENABLE_OBJC_ARC = YES;
				CLANG_WARN_BOOL_CONVERSION = YES;
				CLANG_WARN_CONSTANT_CONVERSION = YES;
				CLANG_WARN_DIRECT_OBJC_ISA_USAGE = YES_ERROR;
				CLANG_WARN_DOCUMENTATION_COMMENTS = YES;
				CLANG_WARN_EMPTY_BODY = YES;
				CLANG_WARN_ENUM_CONVERSION = YES;
				CLANG_WARN_INFINITE_RECURSION = YES;
				CLANG_WARN_INT_CONVERSION = YES;
				CLANG_WARN_OBJC_ROOT_CLASS = YES_ERROR;
				CLANG_WARN_SUSPICIOUS_MOVES = YES;
				CLANG_WARN_UNREACHABLE_CODE = YES;
				CLANG_WARN__DUPLICATE_METHOD_MATCH = YES;
				"CODE_SIGN_IDENTITY[sdk=iphoneos*]" = "iPhone Developer";
				COPY_PHASE_STRIP = NO;
				DEBUG_INFORMATION_FORMAT = "dwarf-with-dsym";
				ENABLE_NS_ASSERTIONS = NO;
				ENABLE_STRICT_OBJC_MSGSEND = YES;
				GCC_C_LANGUAGE_STANDARD = gnu99;
				GCC_NO_COMMON_BLOCKS = YES;
				GCC_WARN_64_TO_32_BIT_CONVERSION = YES;
				GCC_WARN_ABOUT_RETURN_TYPE = YES_ERROR;
				GCC_WARN_UNDECLARED_SELECTOR = YES;
				GCC_WARN_UNINITIALIZED_AUTOS = YES_AGGRESSIVE;
				GCC_WARN_UNUSED_FUNCTION = YES;
				GCC_WARN_UNUSED_VARIABLE = YES;
				IPHONEOS_DEPLOYMENT_TARGET = 10.0;
				MTL_ENABLE_DEBUG_INFO = NO;
				SDKROOT = iphoneos;
				SWIFT_OPTIMIZATION_LEVEL = "-Owholemodule";
				VALIDATE_PRODUCT = YES;
			};
			name = Release;
		};
		44A8693A1DBE7444001F521F /* Debug */ = {
			isa = XCBuildConfiguration;
			buildSettings = {
				ASSETCATALOG_COMPILER_APPICON_NAME = AppIcon;
				INFOPLIST_FILE = ToDoList/Info.plist;
				LD_RUNPATH_SEARCH_PATHS = "$(inherited) @executable_path/Frameworks";
				PRODUCT_BUNDLE_IDENTIFIER = com.Interapt.ToDoList;
				PRODUCT_NAME = "$(TARGET_NAME)";
				SWIFT_VERSION = 3.0;
			};
			name = Debug;
		};
		44A8693B1DBE7444001F521F /* Release */ = {
			isa = XCBuildConfiguration;
			buildSettings = {
				ASSETCATALOG_COMPILER_APPICON_NAME = AppIcon;
				INFOPLIST_FILE = ToDoList/Info.plist;
				LD_RUNPATH_SEARCH_PATHS = "$(inherited) @executable_path/Frameworks";
				PRODUCT_BUNDLE_IDENTIFIER = com.Interapt.ToDoList;
				PRODUCT_NAME = "$(TARGET_NAME)";
				SWIFT_VERSION = 3.0;
			};
			name = Release;
		};
/* End XCBuildConfiguration section */

/* Begin XCConfigurationList section */
		44A869221DBE7443001F521F /* Build configuration list for PBXProject "ToDoList" */ = {
			isa = XCConfigurationList;
			buildConfigurations = (
				44A869371DBE7444001F521F /* Debug */,
				44A869381DBE7444001F521F /* Release */,
			);
			defaultConfigurationIsVisible = 0;
			defaultConfigurationName = Release;
		};
		44A869391DBE7444001F521F /* Build configuration list for PBXNativeTarget "ToDoList" */ = {
			isa = XCConfigurationList;
			buildConfigurations = (
				44A8693A1DBE7444001F521F /* Debug */,
				44A8693B1DBE7444001F521F /* Release */,
			);
			defaultConfigurationIsVisible = 0;
			defaultConfigurationName = Release;
		};
/* End XCConfigurationList section */
	};
	rootObject = 44A8691F1DBE7443001F521F /* Project object */;
}
